
Microsoft Visual Studio Solution File, Format Version 12.00
# Visual Studio Version 17
VisualStudioVersion = 17.3.32825.248
MinimumVisualStudioVersion = 10.0.40219.1
Project("{FAE04EC0-301F-11D3-BF4B-00C04F79EFBC}") = "Restoraunt", "Restoraunt\Restoraunt.csproj", "{467D98DB-A1A5-480D-9459-E8E45FF554A2}"
EndProject
Global
	GlobalSection(SolutionConfigurationPlatforms) = preSolution
		Debug|Any CPU = Debug|Any CPU
		Release|Any CPU = Release|Any CPU
	EndGlobalSection
	GlobalSection(ProjectConfigurationPlatforms) = postSolution
		{467D98DB-A1A5-480D-9459-E8E45FF554A2}.Debug|Any CPU.ActiveCfg = Debug|Any CPU
		{467D98DB-A1A5-480D-9459-E8E45FF554A2}.Debug|Any CPU.Build.0 = Debug|Any CPU
		{467D98DB-A1A5-480D-9459-E8E45FF554A2}.Release|Any CPU.ActiveCfg = Release|Any CPU
		{467D98DB-A1A5-480D-9459-E8E45FF554A2}.Release|Any CPU.Build.0 = Release|Any CPU
	EndGlobalSection
	GlobalSection(SolutionProperties) = preSolution
		HideSolutionNode = FALSE
	EndGlobalSection
	GlobalSection(ExtensibilityGlobals) = postSolution
		SolutionGuid = {7240ABB9-E689-4D06-ACF8-FA40E3DBE9B9}
	EndGlobalSection
EndGlobal
